
Microsoft Visual Studio Solution File, Format Version 12.00
# Visual Studio Version 17
VisualStudioVersion = 17.0.31903.59
MinimumVisualStudioVersion = 10.0.40219.1
Project("{9A19103F-16F7-4668-BE54-9A1E7A4F7556}") = "BibCorp.Application", "BibCorp.Application\BibCorp.Application.csproj", "{CB84A9F0-97DA-4103-939D-396814DAE53D}"
EndProject
Project("{9A19103F-16F7-4668-BE54-9A1E7A4F7556}") = "BibCorp.Domain", "BibCorp.Domain\BibCorp.Domain.csproj", "{827286FB-B7BF-44D2-99F8-EB84AF678A33}"
EndProject
Project("{9A19103F-16F7-4668-BE54-9A1E7A4F7556}") = "BibCorp.API", "BibCorp.Api\BibCorp.API.csproj", "{6153F3DF-362B-4EE9-8578-E605A86E4E9F}"
EndProject
Project("{9A19103F-16F7-4668-BE54-9A1E7A4F7556}") = "BibCorp.Persistence", "BibCorp.Persistence\BibCorp.Persistence.csproj", "{3C48118F-371E-4D0C-9C14-4D59FF36E008}"
EndProject
Global
	GlobalSection(SolutionConfigurationPlatforms) = preSolution
		Debug|Any CPU = Debug|Any CPU
		Release|Any CPU = Release|Any CPU
	EndGlobalSection
	GlobalSection(ProjectConfigurationPlatforms) = postSolution
		{CB84A9F0-97DA-4103-939D-396814DAE53D}.Debug|Any CPU.ActiveCfg = Debug|Any CPU
		{CB84A9F0-97DA-4103-939D-396814DAE53D}.Debug|Any CPU.Build.0 = Debug|Any CPU
		{CB84A9F0-97DA-4103-939D-396814DAE53D}.Release|Any CPU.ActiveCfg = Release|Any CPU
		{CB84A9F0-97DA-4103-939D-396814DAE53D}.Release|Any CPU.Build.0 = Release|Any CPU
		{827286FB-B7BF-44D2-99F8-EB84AF678A33}.Debug|Any CPU.ActiveCfg = Debug|Any CPU
		{827286FB-B7BF-44D2-99F8-EB84AF678A33}.Debug|Any CPU.Build.0 = Debug|Any CPU
		{827286FB-B7BF-44D2-99F8-EB84AF678A33}.Release|Any CPU.ActiveCfg = Release|Any CPU
		{827286FB-B7BF-44D2-99F8-EB84AF678A33}.Release|Any CPU.Build.0 = Release|Any CPU
		{6153F3DF-362B-4EE9-8578-E605A86E4E9F}.Debug|Any CPU.ActiveCfg = Debug|Any CPU
		{6153F3DF-362B-4EE9-8578-E605A86E4E9F}.Debug|Any CPU.Build.0 = Debug|Any CPU
		{6153F3DF-362B-4EE9-8578-E605A86E4E9F}.Release|Any CPU.ActiveCfg = Release|Any CPU
		{6153F3DF-362B-4EE9-8578-E605A86E4E9F}.Release|Any CPU.Build.0 = Release|Any CPU
		{3C48118F-371E-4D0C-9C14-4D59FF36E008}.Debug|Any CPU.ActiveCfg = Debug|Any CPU
		{3C48118F-371E-4D0C-9C14-4D59FF36E008}.Debug|Any CPU.Build.0 = Debug|Any CPU
		{3C48118F-371E-4D0C-9C14-4D59FF36E008}.Release|Any CPU.ActiveCfg = Release|Any CPU
		{3C48118F-371E-4D0C-9C14-4D59FF36E008}.Release|Any CPU.Build.0 = Release|Any CPU
		{9751AC2D-96B0-4F91-915E-FEEBC968BBA0}.Debug|Any CPU.ActiveCfg = Debug|Any CPU
		{9751AC2D-96B0-4F91-915E-FEEBC968BBA0}.Debug|Any CPU.Build.0 = Debug|Any CPU
		{9751AC2D-96B0-4F91-915E-FEEBC968BBA0}.Release|Any CPU.ActiveCfg = Release|Any CPU
		{9751AC2D-96B0-4F91-915E-FEEBC968BBA0}.Release|Any CPU.Build.0 = Release|Any CPU
	EndGlobalSection
	GlobalSection(SolutionProperties) = preSolution
		HideSolutionNode = FALSE
	EndGlobalSection
EndGlobal
